
Microsoft Visual Studio Solution File, Format Version 12.00
# Visual Studio Version 16
VisualStudioVersion = 16.0.32602.291
MinimumVisualStudioVersion = 10.0.40219.1
Project("{FAE04EC0-301F-11D3-BF4B-00C04F79EFBC}") = "CollectionPractice", "CollectionPractice\CollectionPractice.csproj", "{CF391DEE-3987-4028-9BE3-A766DC32FC68}"
EndProject
Global
	GlobalSection(SolutionConfigurationPlatforms) = preSolution
		Debug|Any CPU = Debug|Any CPU
		Release|Any CPU = Release|Any CPU
	EndGlobalSection
	GlobalSection(ProjectConfigurationPlatforms) = postSolution
		{CF391DEE-3987-4028-9BE3-A766DC32FC68}.Debug|Any CPU.ActiveCfg = Debug|Any CPU
		{CF391DEE-3987-4028-9BE3-A766DC32FC68}.Debug|Any CPU.Build.0 = Debug|Any CPU
		{CF391DEE-3987-4028-9BE3-A766DC32FC68}.Release|Any CPU.ActiveCfg = Release|Any CPU
		{CF391DEE-3987-4028-9BE3-A766DC32FC68}.Release|Any CPU.Build.0 = Release|Any CPU
	EndGlobalSection
	GlobalSection(SolutionProperties) = preSolution
		HideSolutionNode = FALSE
	EndGlobalSection
	GlobalSection(ExtensibilityGlobals) = postSolution
		SolutionGuid = {8248BCEC-551B-4145-BD3D-962C5840F5FE}
	EndGlobalSection
EndGlobal
